
Microsoft Visual Studio Solution File, Format Version 12.00
# Visual Studio Version 17
VisualStudioVersion = 17.4.33205.214
MinimumVisualStudioVersion = 10.0.40219.1
Project("{9A19103F-16F7-4668-BE54-9A1E7A4F7556}") = "1Password CLI Manager", "1Password CLI Manager\1Password CLI Manager.csproj", "{DBE167C8-647F-43FF-84D4-8F747CD3C024}"
EndProject
Project("{2150E333-8FDC-42A3-9474-1A3956D46DE8}") = "Solution Items", "Solution Items", "{1C293EA2-DFC8-4483-9E02-2154BC692651}"
EndProject
Global
	GlobalSection(SolutionConfigurationPlatforms) = preSolution
		Debug|Any CPU = Debug|Any CPU
		Debug|x64 = Debug|x64
		Release|Any CPU = Release|Any CPU
		Release|x64 = Release|x64
	EndGlobalSection
	GlobalSection(ProjectConfigurationPlatforms) = postSolution
		{DBE167C8-647F-43FF-84D4-8F747CD3C024}.Debug|Any CPU.ActiveCfg = Debug|Any CPU
		{DBE167C8-647F-43FF-84D4-8F747CD3C024}.Debug|Any CPU.Build.0 = Debug|Any CPU
		{DBE167C8-647F-43FF-84D4-8F747CD3C024}.Debug|x64.ActiveCfg = Debug|Any CPU
		{DBE167C8-647F-43FF-84D4-8F747CD3C024}.Debug|x64.Build.0 = Debug|Any CPU
		{DBE167C8-647F-43FF-84D4-8F747CD3C024}.Release|Any CPU.ActiveCfg = Release|Any CPU
		{DBE167C8-647F-43FF-84D4-8F747CD3C024}.Release|Any CPU.Build.0 = Release|Any CPU
		{DBE167C8-647F-43FF-84D4-8F747CD3C024}.Release|x64.ActiveCfg = Release|x64
		{DBE167C8-647F-43FF-84D4-8F747CD3C024}.Release|x64.Build.0 = Release|x64
	EndGlobalSection
	GlobalSection(SolutionProperties) = preSolution
		HideSolutionNode = FALSE
	EndGlobalSection
	GlobalSection(ExtensibilityGlobals) = postSolution
		SolutionGuid = {AB9E87FC-B7C9-4DA8-B378-69BF7BB14723}
	EndGlobalSection
EndGlobal
